
Microsoft Visual Studio Solution File, Format Version 12.00
# Visual Studio Version 17
VisualStudioVersion = 17.6.33723.286
MinimumVisualStudioVersion = 10.0.40219.1
Project("{FAE04EC0-301F-11D3-BF4B-00C04F79EFBC}") = "E165243 Final Project", "E165243 Final Project.csproj", "{606CC8B9-D27D-498A-83F9-B8048500FDEA}"
EndProject
Global
	GlobalSection(SolutionConfigurationPlatforms) = preSolution
		Debug|Any CPU = Debug|Any CPU
		Release|Any CPU = Release|Any CPU
	EndGlobalSection
	GlobalSection(ProjectConfigurationPlatforms) = postSolution
		{606CC8B9-D27D-498A-83F9-B8048500FDEA}.Debug|Any CPU.ActiveCfg = Debug|Any CPU
		{606CC8B9-D27D-498A-83F9-B8048500FDEA}.Debug|Any CPU.Build.0 = Debug|Any CPU
		{606CC8B9-D27D-498A-83F9-B8048500FDEA}.Release|Any CPU.ActiveCfg = Release|Any CPU
		{606CC8B9-D27D-498A-83F9-B8048500FDEA}.Release|Any CPU.Build.0 = Release|Any CPU
	EndGlobalSection
	GlobalSection(SolutionProperties) = preSolution
		HideSolutionNode = FALSE
	EndGlobalSection
	GlobalSection(ExtensibilityGlobals) = postSolution
		SolutionGuid = {D14C166B-D45A-46D0-A7B5-C823029F823F}
	EndGlobalSection
EndGlobal
